{
  "name": "@citadel/identity-enrolment",
  "version": "0.1.0",
  "lockfileVersion": 3,
  "requires": true,
  "packages": {
    "": {
      "name": "@citadel/identity-enrolment",
      "version": "0.1.0",
      "license": "UNLICENSED",
      "dependencies": {
        "@citadel/contracts": "git+https://github.com/soroura1/contracts.git#v0.2.1"
      },
      "engines": {
        "node": ">=22.12"
      }
    },
    "node_modules/@citadel/contracts": {
      "version": "0.2.0",
      "resolved": "git+ssh://git@github.com/soroura1/contracts.git#40463f72a99dac42b490cd90afdd34747268fb92",
      "license": "UNLICENSED",
      "engines": {
        "node": ">=22.12"
      }
    }
  }
}
